
Microsoft Visual Studio Solution File, Format Version 12.00
# Visual Studio Version 16
VisualStudioVersion = 16.6.30114.105
MinimumVisualStudioVersion = 10.0.40219.1
Project("{2150E333-8FDC-42A3-9474-1A3956D46DE8}") = "Solution Items", "Solution Items", "{E4C00B22-82EE-4C83-AD71-19E40A3E2887}"
	ProjectSection(SolutionItems) = preProject
		README.md = README.md
	EndProjectSection
EndProject
Project("{FAE04EC0-301F-11D3-BF4B-00C04F79EFBC}") = "Bai_1", "Bai_1\Bai_1.csproj", "{C18B5709-EF2B-4991-BA7A-3103D217DF82}"
EndProject
Project("{2150E333-8FDC-42A3-9474-1A3956D46DE8}") = "Tests", "Tests", "{692C2D7C-F588-46EB-A1EF-09655F84D0FC}"
EndProject
Project("{FAE04EC0-301F-11D3-BF4B-00C04F79EFBC}") = "Bai_1Test", "Bai_1Test\Bai_1Test.csproj", "{3C17C548-4A64-4877-9A6B-BFA918C44015}"
EndProject
Project("{FAE04EC0-301F-11D3-BF4B-00C04F79EFBC}") = "Bai_2", "Bai_2\Bai_2.csproj", "{1FC699BB-89D0-4A77-8447-E374AF6DA9FA}"
EndProject
Project("{FAE04EC0-301F-11D3-BF4B-00C04F79EFBC}") = "Bai_2Test", "Bai_2Test\Bai_2Test.csproj", "{588814D3-49DB-4AEC-8037-5AD93C19B145}"
EndProject
Project("{FAE04EC0-301F-11D3-BF4B-00C04F79EFBC}") = "Bai_3", "Bai_3\Bai_3.csproj", "{612F8186-D2F1-40D9-BFE6-D18B50BA7A4A}"
EndProject
Project("{FAE04EC0-301F-11D3-BF4B-00C04F79EFBC}") = "Bai_3Test", "Bai_3Test\Bai_3Test.csproj", "{D87CD8D1-4B5A-406E-B01B-467F4D27C02C}"
EndProject
Global
	GlobalSection(SolutionConfigurationPlatforms) = preSolution
		Debug|Any CPU = Debug|Any CPU
		Release|Any CPU = Release|Any CPU
	EndGlobalSection
	GlobalSection(ProjectConfigurationPlatforms) = postSolution
		{C18B5709-EF2B-4991-BA7A-3103D217DF82}.Debug|Any CPU.ActiveCfg = Debug|Any CPU
		{C18B5709-EF2B-4991-BA7A-3103D217DF82}.Debug|Any CPU.Build.0 = Debug|Any CPU
		{C18B5709-EF2B-4991-BA7A-3103D217DF82}.Release|Any CPU.ActiveCfg = Release|Any CPU
		{C18B5709-EF2B-4991-BA7A-3103D217DF82}.Release|Any CPU.Build.0 = Release|Any CPU
		{3C17C548-4A64-4877-9A6B-BFA918C44015}.Debug|Any CPU.ActiveCfg = Debug|Any CPU
		{3C17C548-4A64-4877-9A6B-BFA918C44015}.Debug|Any CPU.Build.0 = Debug|Any CPU
		{3C17C548-4A64-4877-9A6B-BFA918C44015}.Release|Any CPU.ActiveCfg = Release|Any CPU
		{3C17C548-4A64-4877-9A6B-BFA918C44015}.Release|Any CPU.Build.0 = Release|Any CPU
		{1FC699BB-89D0-4A77-8447-E374AF6DA9FA}.Debug|Any CPU.ActiveCfg = Debug|Any CPU
		{1FC699BB-89D0-4A77-8447-E374AF6DA9FA}.Debug|Any CPU.Build.0 = Debug|Any CPU
		{1FC699BB-89D0-4A77-8447-E374AF6DA9FA}.Release|Any CPU.ActiveCfg = Release|Any CPU
		{1FC699BB-89D0-4A77-8447-E374AF6DA9FA}.Release|Any CPU.Build.0 = Release|Any CPU
		{588814D3-49DB-4AEC-8037-5AD93C19B145}.Debug|Any CPU.ActiveCfg = Debug|Any CPU
		{588814D3-49DB-4AEC-8037-5AD93C19B145}.Debug|Any CPU.Build.0 = Debug|Any CPU
		{588814D3-49DB-4AEC-8037-5AD93C19B145}.Release|Any CPU.ActiveCfg = Release|Any CPU
		{588814D3-49DB-4AEC-8037-5AD93C19B145}.Release|Any CPU.Build.0 = Release|Any CPU
		{612F8186-D2F1-40D9-BFE6-D18B50BA7A4A}.Debug|Any CPU.ActiveCfg = Debug|Any CPU
		{612F8186-D2F1-40D9-BFE6-D18B50BA7A4A}.Debug|Any CPU.Build.0 = Debug|Any CPU
		{612F8186-D2F1-40D9-BFE6-D18B50BA7A4A}.Release|Any CPU.ActiveCfg = Release|Any CPU
		{612F8186-D2F1-40D9-BFE6-D18B50BA7A4A}.Release|Any CPU.Build.0 = Release|Any CPU
		{D87CD8D1-4B5A-406E-B01B-467F4D27C02C}.Debug|Any CPU.ActiveCfg = Debug|Any CPU
		{D87CD8D1-4B5A-406E-B01B-467F4D27C02C}.Debug|Any CPU.Build.0 = Debug|Any CPU
		{D87CD8D1-4B5A-406E-B01B-467F4D27C02C}.Release|Any CPU.ActiveCfg = Release|Any CPU
		{D87CD8D1-4B5A-406E-B01B-467F4D27C02C}.Release|Any CPU.Build.0 = Release|Any CPU
	EndGlobalSection
	GlobalSection(SolutionProperties) = preSolution
		HideSolutionNode = FALSE
	EndGlobalSection
	GlobalSection(NestedProjects) = preSolution
		{3C17C548-4A64-4877-9A6B-BFA918C44015} = {692C2D7C-F588-46EB-A1EF-09655F84D0FC}
		{588814D3-49DB-4AEC-8037-5AD93C19B145} = {692C2D7C-F588-46EB-A1EF-09655F84D0FC}
		{D87CD8D1-4B5A-406E-B01B-467F4D27C02C} = {692C2D7C-F588-46EB-A1EF-09655F84D0FC}
	EndGlobalSection
	GlobalSection(ExtensibilityGlobals) = postSolution
		SolutionGuid = {D30DEAF9-0598-4BDA-A930-0E3FEA819AFC}
	EndGlobalSection
EndGlobal
